
Microsoft Visual Studio Solution File, Format Version 11.00
# Visual Studio 2010 Express for Windows Phone
Project("{FAE04EC0-301F-11D3-BF4B-00C04F79EFBC}") = "InputBench", "InputBench\InputBench\InputBench.csproj", "{3B91B4E4-3035-476E-812B-9621C80D5C95}"
EndProject
Project("{96E2B04D-8817-42C6-938A-82C39BA4D311}") = "InputBenchContent", "InputBench\InputBenchContent\InputBenchContent.contentproj", "{C56B5799-B27B-4BCD-8F0A-A1D6CF3B8FE1}"
EndProject
Global
	GlobalSection(SolutionConfigurationPlatforms) = preSolution
		Debug|Windows Phone = Debug|Windows Phone
		Release|Windows Phone = Release|Windows Phone
	EndGlobalSection
	GlobalSection(ProjectConfigurationPlatforms) = postSolution
		{3B91B4E4-3035-476E-812B-9621C80D5C95}.Debug|Windows Phone.ActiveCfg = Debug|Windows Phone
		{3B91B4E4-3035-476E-812B-9621C80D5C95}.Debug|Windows Phone.Build.0 = Debug|Windows Phone
		{3B91B4E4-3035-476E-812B-9621C80D5C95}.Debug|Windows Phone.Deploy.0 = Debug|Windows Phone
		{3B91B4E4-3035-476E-812B-9621C80D5C95}.Release|Windows Phone.ActiveCfg = Release|Windows Phone
		{3B91B4E4-3035-476E-812B-9621C80D5C95}.Release|Windows Phone.Build.0 = Release|Windows Phone
		{3B91B4E4-3035-476E-812B-9621C80D5C95}.Release|Windows Phone.Deploy.0 = Release|Windows Phone
		{C56B5799-B27B-4BCD-8F0A-A1D6CF3B8FE1}.Debug|Windows Phone.ActiveCfg = Debug|Windows Phone
		{C56B5799-B27B-4BCD-8F0A-A1D6CF3B8FE1}.Release|Windows Phone.ActiveCfg = Release|Windows Phone
	EndGlobalSection
	GlobalSection(SolutionProperties) = preSolution
		HideSolutionNode = FALSE
	EndGlobalSection
EndGlobal
